
Microsoft Visual Studio Solution File, Format Version 12.00
# Visual Studio 15
VisualStudioVersion = 15.0.27130.2027
MinimumVisualStudioVersion = 10.0.40219.1
Project("{FAE04EC0-301F-11D3-BF4B-00C04F79EFBC}") = "OpenFaaS.Dotnet", "src\OpenFaaS.Dotnet\OpenFaaS.Dotnet.csproj", "{03066349-5821-4BAA-B6EC-346F8FDD93EB}"
EndProject
Global
	GlobalSection(SolutionConfigurationPlatforms) = preSolution
		Debug|Any CPU = Debug|Any CPU
		Release|Any CPU = Release|Any CPU
	EndGlobalSection
	GlobalSection(ProjectConfigurationPlatforms) = postSolution
		{03066349-5821-4BAA-B6EC-346F8FDD93EB}.Debug|Any CPU.ActiveCfg = Debug|Any CPU
		{03066349-5821-4BAA-B6EC-346F8FDD93EB}.Debug|Any CPU.Build.0 = Debug|Any CPU
		{03066349-5821-4BAA-B6EC-346F8FDD93EB}.Release|Any CPU.ActiveCfg = Release|Any CPU
		{03066349-5821-4BAA-B6EC-346F8FDD93EB}.Release|Any CPU.Build.0 = Release|Any CPU
	EndGlobalSection
	GlobalSection(SolutionProperties) = preSolution
		HideSolutionNode = FALSE
	EndGlobalSection
	GlobalSection(ExtensibilityGlobals) = postSolution
		SolutionGuid = {7FB63036-3405-46BF-BDAA-8D4C4D44B8DF}
	EndGlobalSection
EndGlobal
